
Microsoft Visual Studio Solution File, Format Version 12.00
# Visual Studio Version 17
VisualStudioVersion = 17.8.34322.80
MinimumVisualStudioVersion = 10.0.40219.1
Project("{FAE04EC0-301F-11D3-BF4B-00C04F79EFBC}") = "Estructura3", "Estructura3.csproj", "{202D3386-DAAC-4C9D-A50E-765A4B57D3D3}"
EndProject
Global
	GlobalSection(SolutionConfigurationPlatforms) = preSolution
		Debug|Any CPU = Debug|Any CPU
		Release|Any CPU = Release|Any CPU
	EndGlobalSection
	GlobalSection(ProjectConfigurationPlatforms) = postSolution
		{202D3386-DAAC-4C9D-A50E-765A4B57D3D3}.Debug|Any CPU.ActiveCfg = Debug|Any CPU
		{202D3386-DAAC-4C9D-A50E-765A4B57D3D3}.Debug|Any CPU.Build.0 = Debug|Any CPU
		{202D3386-DAAC-4C9D-A50E-765A4B57D3D3}.Release|Any CPU.ActiveCfg = Release|Any CPU
		{202D3386-DAAC-4C9D-A50E-765A4B57D3D3}.Release|Any CPU.Build.0 = Release|Any CPU
	EndGlobalSection
	GlobalSection(SolutionProperties) = preSolution
		HideSolutionNode = FALSE
	EndGlobalSection
	GlobalSection(ExtensibilityGlobals) = postSolution
		SolutionGuid = {C1C218A5-B6E6-466B-8687-6121045E4202}
	EndGlobalSection
EndGlobal
