
Microsoft Visual Studio Solution File, Format Version 12.00
# Visual Studio Version 17
VisualStudioVersion = 17.8.34322.80
MinimumVisualStudioVersion = 10.0.40219.1
Project("{FAE04EC0-301F-11D3-BF4B-00C04F79EFBC}") = "Array2", "Array2.csproj", "{BAF90886-58A5-4052-9974-7B4656089044}"
EndProject
Global
	GlobalSection(SolutionConfigurationPlatforms) = preSolution
		Debug|Any CPU = Debug|Any CPU
		Release|Any CPU = Release|Any CPU
	EndGlobalSection
	GlobalSection(ProjectConfigurationPlatforms) = postSolution
		{BAF90886-58A5-4052-9974-7B4656089044}.Debug|Any CPU.ActiveCfg = Debug|Any CPU
		{BAF90886-58A5-4052-9974-7B4656089044}.Debug|Any CPU.Build.0 = Debug|Any CPU
		{BAF90886-58A5-4052-9974-7B4656089044}.Release|Any CPU.ActiveCfg = Release|Any CPU
		{BAF90886-58A5-4052-9974-7B4656089044}.Release|Any CPU.Build.0 = Release|Any CPU
	EndGlobalSection
	GlobalSection(SolutionProperties) = preSolution
		HideSolutionNode = FALSE
	EndGlobalSection
	GlobalSection(ExtensibilityGlobals) = postSolution
		SolutionGuid = {774FD962-4DA4-4877-924B-55A33AF15AB0}
	EndGlobalSection
EndGlobal
