
Microsoft Visual Studio Solution File, Format Version 12.00
# Visual Studio Version 17
VisualStudioVersion = 17.8.34322.80
MinimumVisualStudioVersion = 10.0.40219.1
Project("{FAE04EC0-301F-11D3-BF4B-00C04F79EFBC}") = "funciones1", "funciones1.csproj", "{A2278BC0-1027-4019-8E28-DDA165F1AEE0}"
EndProject
Global
	GlobalSection(SolutionConfigurationPlatforms) = preSolution
		Debug|Any CPU = Debug|Any CPU
		Release|Any CPU = Release|Any CPU
	EndGlobalSection
	GlobalSection(ProjectConfigurationPlatforms) = postSolution
		{A2278BC0-1027-4019-8E28-DDA165F1AEE0}.Debug|Any CPU.ActiveCfg = Debug|Any CPU
		{A2278BC0-1027-4019-8E28-DDA165F1AEE0}.Debug|Any CPU.Build.0 = Debug|Any CPU
		{A2278BC0-1027-4019-8E28-DDA165F1AEE0}.Release|Any CPU.ActiveCfg = Release|Any CPU
		{A2278BC0-1027-4019-8E28-DDA165F1AEE0}.Release|Any CPU.Build.0 = Release|Any CPU
	EndGlobalSection
	GlobalSection(SolutionProperties) = preSolution
		HideSolutionNode = FALSE
	EndGlobalSection
	GlobalSection(ExtensibilityGlobals) = postSolution
		SolutionGuid = {7B25AE1A-FAA4-403B-867B-CE1A96DE4CC2}
	EndGlobalSection
EndGlobal
