
Microsoft Visual Studio Solution File, Format Version 12.00
# Visual Studio Version 17
VisualStudioVersion = 17.8.34322.80
MinimumVisualStudioVersion = 10.0.40219.1
Project("{FAE04EC0-301F-11D3-BF4B-00C04F79EFBC}") = "funciones_integrador", "funciones_integrador.csproj", "{AC769E7E-0F96-41AF-9E6C-F62D14E0F2C6}"
EndProject
Global
	GlobalSection(SolutionConfigurationPlatforms) = preSolution
		Debug|Any CPU = Debug|Any CPU
		Release|Any CPU = Release|Any CPU
	EndGlobalSection
	GlobalSection(ProjectConfigurationPlatforms) = postSolution
		{AC769E7E-0F96-41AF-9E6C-F62D14E0F2C6}.Debug|Any CPU.ActiveCfg = Debug|Any CPU
		{AC769E7E-0F96-41AF-9E6C-F62D14E0F2C6}.Debug|Any CPU.Build.0 = Debug|Any CPU
		{AC769E7E-0F96-41AF-9E6C-F62D14E0F2C6}.Release|Any CPU.ActiveCfg = Release|Any CPU
		{AC769E7E-0F96-41AF-9E6C-F62D14E0F2C6}.Release|Any CPU.Build.0 = Release|Any CPU
	EndGlobalSection
	GlobalSection(SolutionProperties) = preSolution
		HideSolutionNode = FALSE
	EndGlobalSection
	GlobalSection(ExtensibilityGlobals) = postSolution
		SolutionGuid = {ADFFEAE5-7EAA-45F3-9A26-5B55D64316DD}
	EndGlobalSection
EndGlobal
